
Microsoft Visual Studio Solution File, Format Version 12.00
# Visual Studio Version 17
VisualStudioVersion = 17.1.32319.34
MinimumVisualStudioVersion = 10.0.40219.1
Project("{FAE04EC0-301F-11D3-BF4B-00C04F79EFBC}") = "RubiKit", "RubiKit.csproj", "{DD60FFDF-3315-4D08-97C0-8648E844C69B}"
EndProject
Global
	GlobalSection(SolutionConfigurationPlatforms) = preSolution
		Debug|Any CPU = Debug|Any CPU
		Debug|x86 = Debug|x86
		Release|Any CPU = Release|Any CPU
		Release|x86 = Release|x86
	EndGlobalSection
	GlobalSection(ProjectConfigurationPlatforms) = postSolution
		{DD60FFDF-3315-4D08-97C0-8648E844C69B}.Debug|Any CPU.ActiveCfg = Debug|Any CPU
		{DD60FFDF-3315-4D08-97C0-8648E844C69B}.Debug|Any CPU.Build.0 = Debug|Any CPU
		{DD60FFDF-3315-4D08-97C0-8648E844C69B}.Debug|x86.ActiveCfg = Debug|x86
		{DD60FFDF-3315-4D08-97C0-8648E844C69B}.Debug|x86.Build.0 = Debug|x86
		{DD60FFDF-3315-4D08-97C0-8648E844C69B}.Release|Any CPU.ActiveCfg = Release|Any CPU
		{DD60FFDF-3315-4D08-97C0-8648E844C69B}.Release|Any CPU.Build.0 = Release|Any CPU
		{DD60FFDF-3315-4D08-97C0-8648E844C69B}.Release|x86.ActiveCfg = Release|x86
		{DD60FFDF-3315-4D08-97C0-8648E844C69B}.Release|x86.Build.0 = Release|x86
	EndGlobalSection
	GlobalSection(SolutionProperties) = preSolution
		HideSolutionNode = FALSE
	EndGlobalSection
	GlobalSection(ExtensibilityGlobals) = postSolution
		SolutionGuid = {8003A99C-9183-4EB2-BDF4-2B68F1CB29DA}
	EndGlobalSection
EndGlobal
